
Microsoft Visual Studio Solution File, Format Version 12.00
# Visual Studio Version 16
VisualStudioVersion = 16.0.30204.135
MinimumVisualStudioVersion = 10.0.40219.1
Project("{FAE04EC0-301F-11D3-BF4B-00C04F79EFBC}") = "DigitalerTest", "DigitalerTest\DigitalerTest.csproj", "{50818323-377A-4159-8D17-53DD2977C6E2}"
EndProject
Global
	GlobalSection(SolutionConfigurationPlatforms) = preSolution
		Debug|Any CPU = Debug|Any CPU
		Release|Any CPU = Release|Any CPU
	EndGlobalSection
	GlobalSection(ProjectConfigurationPlatforms) = postSolution
		{50818323-377A-4159-8D17-53DD2977C6E2}.Debug|Any CPU.ActiveCfg = Debug|Any CPU
		{50818323-377A-4159-8D17-53DD2977C6E2}.Debug|Any CPU.Build.0 = Debug|Any CPU
		{50818323-377A-4159-8D17-53DD2977C6E2}.Release|Any CPU.ActiveCfg = Release|Any CPU
		{50818323-377A-4159-8D17-53DD2977C6E2}.Release|Any CPU.Build.0 = Release|Any CPU
	EndGlobalSection
	GlobalSection(SolutionProperties) = preSolution
		HideSolutionNode = FALSE
	EndGlobalSection
	GlobalSection(ExtensibilityGlobals) = postSolution
		SolutionGuid = {103F32DC-100B-4CE1-8195-B2BB3E773699}
	EndGlobalSection
EndGlobal
